
Microsoft Visual Studio Solution File, Format Version 12.00
# Visual Studio Version 17
VisualStudioVersion = 17.6.33815.320
MinimumVisualStudioVersion = 10.0.40219.1
Project("{FAE04EC0-301F-11D3-BF4B-00C04F79EFBC}") = "Pizza_API", "Pizza_API.csproj", "{B373918A-709A-44BB-B29F-6E509C866AEC}"
EndProject
Global
	GlobalSection(SolutionConfigurationPlatforms) = preSolution
		Debug|Any CPU = Debug|Any CPU
		Release|Any CPU = Release|Any CPU
	EndGlobalSection
	GlobalSection(ProjectConfigurationPlatforms) = postSolution
		{B373918A-709A-44BB-B29F-6E509C866AEC}.Debug|Any CPU.ActiveCfg = Debug|Any CPU
		{B373918A-709A-44BB-B29F-6E509C866AEC}.Debug|Any CPU.Build.0 = Debug|Any CPU
		{B373918A-709A-44BB-B29F-6E509C866AEC}.Release|Any CPU.ActiveCfg = Release|Any CPU
		{B373918A-709A-44BB-B29F-6E509C866AEC}.Release|Any CPU.Build.0 = Release|Any CPU
	EndGlobalSection
	GlobalSection(SolutionProperties) = preSolution
		HideSolutionNode = FALSE
	EndGlobalSection
	GlobalSection(ExtensibilityGlobals) = postSolution
		SolutionGuid = {6062BC61-BEA3-4464-9404-8950BE96E496}
	EndGlobalSection
EndGlobal
